// !$*UTF8*$!
{
	archiveVersion = 1;
	classes = {
	};
	objectVersion = 55;
	objects = {

/* Begin PBXBuildFile section */
		B9DEB80028549FCF00C6726C /* AppDelegate.swift in Sources */ = {isa = PBXBuildFile; fileRef = B9DEB7FF28549FCF00C6726C /* AppDelegate.swift */; };
		B9DEB80228549FCF00C6726C /* SceneDelegate.swift in Sources */ = {isa = PBXBuildFile; fileRef = B9DEB80128549FCF00C6726C /* SceneDelegate.swift */; };
		B9DEB80428549FCF00C6726C /* ViewController.swift in Sources */ = {isa = PBXBuildFile; fileRef = B9DEB80328549FCF00C6726C /* ViewController.swift */; };
		B9DEB80728549FCF00C6726C /* Main.storyboard in Resources */ = {isa = PBXBuildFile; fileRef = B9DEB80528549FCF00C6726C /* Main.storyboard */; };
		B9DEB80928549FD000C6726C /* Assets.xcassets in Resources */ = {isa = PBXBuildFile; fileRef = B9DEB80828549FD000C6726C /* Assets.xcassets */; };
		B9DEB80C28549FD000C6726C /* LaunchScreen.storyboard in Resources */ = {isa = PBXBuildFile; fileRef = B9DEB80A28549FD000C6726C /* LaunchScreen.storyboard */; };
		B9DEB81E2854A0AE00C6726C /* nssl0049.jpg in Resources */ = {isa = PBXBuildFile; fileRef = B9DEB8142854A0AE00C6726C /* nssl0049.jpg */; };
		B9DEB81F2854A0AE00C6726C /* nssl0046.jpg in Resources */ = {isa = PBXBuildFile; fileRef = B9DEB8152854A0AE00C6726C /* nssl0046.jpg */; };
		B9DEB8202854A0AE00C6726C /* nssl0091.jpg in Resources */ = {isa = PBXBuildFile; fileRef = B9DEB8162854A0AE00C6726C /* nssl0091.jpg */; };
		B9DEB8212854A0AE00C6726C /* nssl0045.jpg in Resources */ = {isa = PBXBuildFile; fileRef = B9DEB8172854A0AE00C6726C /* nssl0045.jpg */; };
		B9DEB8222854A0AE00C6726C /* nssl0051.jpg in Resources */ = {isa = PBXBuildFile; fileRef = B9DEB8182854A0AE00C6726C /* nssl0051.jpg */; };
		B9DEB8232854A0AE00C6726C /* nssl0041.jpg in Resources */ = {isa = PBXBuildFile; fileRef = B9DEB8192854A0AE00C6726C /* nssl0041.jpg */; };
		B9DEB8242854A0AE00C6726C /* nssl0042.jpg in Resources */ = {isa = PBXBuildFile; fileRef = B9DEB81A2854A0AE00C6726C /* nssl0042.jpg */; };
		B9DEB8252854A0AE00C6726C /* nssl0043.jpg in Resources */ = {isa = PBXBuildFile; fileRef = B9DEB81B2854A0AE00C6726C /* nssl0043.jpg */; };
		B9DEB8262854A0AE00C6726C /* nssl0033.jpg in Resources */ = {isa = PBXBuildFile; fileRef = B9DEB81C2854A0AE00C6726C /* nssl0033.jpg */; };
		B9DEB8272854A0AE00C6726C /* nssl0034.jpg in Resources */ = {isa = PBXBuildFile; fileRef = B9DEB81D2854A0AE00C6726C /* nssl0034.jpg */; };
		B9DEB8292854D14900C6726C /* DetailViewController.swift in Sources */ = {isa = PBXBuildFile; fileRef = B9DEB8282854D14900C6726C /* DetailViewController.swift */; };
/* End PBXBuildFile section */

/* Begin PBXFileReference section */
		B9DEB7FC28549FCF00C6726C /* Project1_StormViewer.app */ = {isa = PBXFileReference; explicitFileType = wrapper.application; includeInIndex = 0; path = Project1_StormViewer.app; sourceTree = BUILT_PRODUCTS_DIR; };
		B9DEB7FF28549FCF00C6726C /* AppDelegate.swift */ = {isa = PBXFileReference; lastKnownFileType = sourcecode.swift; path = AppDelegate.swift; sourceTree = "<group>"; };
		B9DEB80128549FCF00C6726C /* SceneDelegate.swift */ = {isa = PBXFileReference; lastKnownFileType = sourcecode.swift; path = SceneDelegate.swift; sourceTree = "<group>"; };
		B9DEB80328549FCF00C6726C /* ViewController.swift */ = {isa = PBXFileReference; lastKnownFileType = sourcecode.swift; path = ViewController.swift; sourceTree = "<group>"; };
		B9DEB80628549FCF00C6726C /* Base */ = {isa = PBXFileReference; lastKnownFileType = file.storyboard; name = Base; path = Base.lproj/Main.storyboard; sourceTree = "<group>"; };
		B9DEB80828549FD000C6726C /* Assets.xcassets */ = {isa = PBXFileReference; lastKnownFileType = folder.assetcatalog; path = Assets.xcassets; sourceTree = "<group>"; };
		B9DEB80B28549FD000C6726C /* Base */ = {isa = PBXFileReference; lastKnownFileType = file.storyboard; name = Base; path = Base.lproj/LaunchScreen.storyboard; sourceTree = "<group>"; };
		B9DEB80D28549FD000C6726C /* Info.plist */ = {isa = PBXFileReference; lastKnownFileType = text.plist.xml; path = Info.plist; sourceTree = "<group>"; };
		B9DEB8142854A0AE00C6726C /* nssl0049.jpg */ = {isa = PBXFileReference; lastKnownFileType = image.jpeg; path = nssl0049.jpg; sourceTree = "<group>"; };
		B9DEB8152854A0AE00C6726C /* nssl0046.jpg */ = {isa = PBXFileReference; lastKnownFileType = image.jpeg; path = nssl0046.jpg; sourceTree = "<group>"; };
		B9DEB8162854A0AE00C6726C /* nssl0091.jpg */ = {isa = PBXFileReference; lastKnownFileType = image.jpeg; path = nssl0091.jpg; sourceTree = "<group>"; };
		B9DEB8172854A0AE00C6726C /* nssl0045.jpg */ = {isa = PBXFileReference; lastKnownFileType = image.jpeg; path = nssl0045.jpg; sourceTree = "<group>"; };
		B9DEB8182854A0AE00C6726C /* nssl0051.jpg */ = {isa = PBXFileReference; lastKnownFileType = image.jpeg; path = nssl0051.jpg; sourceTree = "<group>"; };
		B9DEB8192854A0AE00C6726C /* nssl0041.jpg */ = {isa = PBXFileReference; lastKnownFileType = image.jpeg; path = nssl0041.jpg; sourceTree = "<group>"; };
		B9DEB81A2854A0AE00C6726C /* nssl0042.jpg */ = {isa = PBXFileReference; lastKnownFileType = image.jpeg; path = nssl0042.jpg; sourceTree = "<group>"; };
		B9DEB81B2854A0AE00C6726C /* nssl0043.jpg */ = {isa = PBXFileReference; lastKnownFileType = image.jpeg; path = nssl0043.jpg; sourceTree = "<group>"; };
		B9DEB81C2854A0AE00C6726C /* nssl0033.jpg */ = {isa = PBXFileReference; lastKnownFileType = image.jpeg; path = nssl0033.jpg; sourceTree = "<group>"; };
		B9DEB81D2854A0AE00C6726C /* nssl0034.jpg */ = {isa = PBXFileReference; lastKnownFileType = image.jpeg; path = nssl0034.jpg; sourceTree = "<group>"; };
		B9DEB8282854D14900C6726C /* DetailViewController.swift */ = {isa = PBXFileReference; lastKnownFileType = sourcecode.swift; path = DetailViewController.swift; sourceTree = "<group>"; };
/* End PBXFileReference section */

/* Begin PBXFrameworksBuildPhase section */
		B9DEB7F928549FCE00C6726C /* Frameworks */ = {
			isa = PBXFrameworksBuildPhase;
			buildActionMask = 2147483647;
			files = (
			);
			runOnlyForDeploymentPostprocessing = 0;
		};
/* End PBXFrameworksBuildPhase section */

/* Begin PBXGroup section */
		B9DEB7F328549FCE00C6726C = {
			isa = PBXGroup;
			children = (
				B9DEB7FE28549FCF00C6726C /* Project1_StormViewer */,
				B9DEB7FD28549FCF00C6726C /* Products */,
			);
			sourceTree = "<group>";
		};
		B9DEB7FD28549FCF00C6726C /* Products */ = {
			isa = PBXGroup;
			children = (
				B9DEB7FC28549FCF00C6726C /* Project1_StormViewer.app */,
			);
			name = Products;
			sourceTree = "<group>";
		};
		B9DEB7FE28549FCF00C6726C /* Project1_StormViewer */ = {
			isa = PBXGroup;
			children = (
				B9DEB7FF28549FCF00C6726C /* AppDelegate.swift */,
				B9DEB80128549FCF00C6726C /* SceneDelegate.swift */,
				B9DEB80328549FCF00C6726C /* ViewController.swift */,
				B9DEB8282854D14900C6726C /* DetailViewController.swift */,
				B9DEB80528549FCF00C6726C /* Main.storyboard */,
				B9DEB80828549FD000C6726C /* Assets.xcassets */,
				B9DEB80A28549FD000C6726C /* LaunchScreen.storyboard */,
				B9DEB80D28549FD000C6726C /* Info.plist */,
				B9DEB8132854A0AE00C6726C /* Content */,
			);
			path = Project1_StormViewer;
			sourceTree = "<group>";
		};
		B9DEB8132854A0AE00C6726C /* Content */ = {
			isa = PBXGroup;
			children = (
				B9DEB8142854A0AE00C6726C /* nssl0049.jpg */,
				B9DEB8152854A0AE00C6726C /* nssl0046.jpg */,
				B9DEB8162854A0AE00C6726C /* nssl0091.jpg */,
				B9DEB8172854A0AE00C6726C /* nssl0045.jpg */,
				B9DEB8182854A0AE00C6726C /* nssl0051.jpg */,
				B9DEB8192854A0AE00C6726C /* nssl0041.jpg */,
				B9DEB81A2854A0AE00C6726C /* nssl0042.jpg */,
				B9DEB81B2854A0AE00C6726C /* nssl0043.jpg */,
				B9DEB81C2854A0AE00C6726C /* nssl0033.jpg */,
				B9DEB81D2854A0AE00C6726C /* nssl0034.jpg */,
			);
			path = Content;
			sourceTree = "<group>";
		};
/* End PBXGroup section */

/* Begin PBXNativeTarget section */
		B9DEB7FB28549FCE00C6726C /* Project1_StormViewer */ = {
			isa = PBXNativeTarget;
			buildConfigurationList = B9DEB81028549FD000C6726C /* Build configuration list for PBXNativeTarget "Project1_StormViewer" */;
			buildPhases = (
				B9DEB7F828549FCE00C6726C /* Sources */,
				B9DEB7F928549FCE00C6726C /* Frameworks */,
				B9DEB7FA28549FCE00C6726C /* Resources */,
			);
			buildRules = (
			);
			dependencies = (
			);
			name = Project1_StormViewer;
			productName = Project1_StormViewer;
			productReference = B9DEB7FC28549FCF00C6726C /* Project1_StormViewer.app */;
			productType = "com.apple.product-type.application";
		};
/* End PBXNativeTarget section */

/* Begin PBXProject section */
		B9DEB7F428549FCE00C6726C /* Project object */ = {
			isa = PBXProject;
			attributes = {
				BuildIndependentTargetsInParallel = 1;
				LastSwiftUpdateCheck = 1340;
				LastUpgradeCheck = 1340;
				TargetAttributes = {
					B9DEB7FB28549FCE00C6726C = {
						CreatedOnToolsVersion = 13.4;
					};
				};
			};
			buildConfigurationList = B9DEB7F728549FCE00C6726C /* Build configuration list for PBXProject "Project1_StormViewer" */;
			compatibilityVersion = "Xcode 13.0";
			developmentRegion = en;
			hasScannedForEncodings = 0;
			knownRegions = (
				en,
				Base,
			);
			mainGroup = B9DEB7F328549FCE00C6726C;
			productRefGroup = B9DEB7FD28549FCF00C6726C /* Products */;
			projectDirPath = "";
			projectRoot = "";
			targets = (
				B9DEB7FB28549FCE00C6726C /* Project1_StormViewer */,
			);
		};
/* End PBXProject section */

/* Begin PBXResourcesBuildPhase section */
		B9DEB7FA28549FCE00C6726C /* Resources */ = {
			isa = PBXResourcesBuildPhase;
			buildActionMask = 2147483647;
			files = (
				B9DEB81F2854A0AE00C6726C /* nssl0046.jpg in Resources */,
				B9DEB8262854A0AE00C6726C /* nssl0033.jpg in Resources */,
				B9DEB8222854A0AE00C6726C /* nssl0051.jpg in Resources */,
				B9DEB8202854A0AE00C6726C /* nssl0091.jpg in Resources */,
				B9DEB8252854A0AE00C6726C /* nssl0043.jpg in Resources */,
				B9DEB8272854A0AE00C6726C /* nssl0034.jpg in Resources */,
				B9DEB81E2854A0AE00C6726C /* nssl0049.jpg in Resources */,
				B9DEB8232854A0AE00C6726C /* nssl0041.jpg in Resources */,
				B9DEB8242854A0AE00C6726C /* nssl0042.jpg in Resources */,
				B9DEB80C28549FD000C6726C /* LaunchScreen.storyboard in Resources */,
				B9DEB80928549FD000C6726C /* Assets.xcassets in Resources */,
				B9DEB8212854A0AE00C6726C /* nssl0045.jpg in Resources */,
				B9DEB80728549FCF00C6726C /* Main.storyboard in Resources */,
			);
			runOnlyForDeploymentPostprocessing = 0;
		};
/* End PBXResourcesBuildPhase section */

/* Begin PBXSourcesBuildPhase section */
		B9DEB7F828549FCE00C6726C /* Sources */ = {
			isa = PBXSourcesBuildPhase;
			buildActionMask = 2147483647;
			files = (
				B9DEB80428549FCF00C6726C /* ViewController.swift in Sources */,
				B9DEB80028549FCF00C6726C /* AppDelegate.swift in Sources */,
				B9DEB80228549FCF00C6726C /* SceneDelegate.swift in Sources */,
				B9DEB8292854D14900C6726C /* DetailViewController.swift in Sources */,
			);
			runOnlyForDeploymentPostprocessing = 0;
		};
/* End PBXSourcesBuildPhase section */

/* Begin PBXVariantGroup section */
		B9DEB80528549FCF00C6726C /* Main.storyboard */ = {
			isa = PBXVariantGroup;
			children = (
				B9DEB80628549FCF00C6726C /* Base */,
			);
			name = Main.storyboard;
			sourceTree = "<group>";
		};
		B9DEB80A28549FD000C6726C /* LaunchScreen.storyboard */ = {
			isa = PBXVariantGroup;
			children = (
				B9DEB80B28549FD000C6726C /* Base */,
			);
			name = LaunchScreen.storyboard;
			sourceTree = "<group>";
		};
/* End PBXVariantGroup section */

/* Begin XCBuildConfiguration section */
		B9DEB80E28549FD000C6726C /* Debug */ = {
			isa = XCBuildConfiguration;
			buildSettings = {
				ALWAYS_SEARCH_USER_PATHS = NO;
				CLANG_ANALYZER_NONNULL = YES;
				CLANG_ANALYZER_NUMBER_OBJECT_CONVERSION = YES_AGGRESSIVE;
				CLANG_CXX_LANGUAGE_STANDARD = "gnu++17";
				CLANG_ENABLE_MODULES = YES;
				CLANG_ENABLE_OBJC_ARC = YES;
				CLANG_ENABLE_OBJC_WEAK = YES;
				CLANG_WARN_BLOCK_CAPTURE_AUTORELEASING = YES;
				CLANG_WARN_BOOL_CONVERSION = YES;
				CLANG_WARN_COMMA = YES;
				CLANG_WARN_CONSTANT_CONVERSION = YES;
				CLANG_WARN_DEPRECATED_OBJC_IMPLEMENTATIONS = YES;
				CLANG_WARN_DIRECT_OBJC_ISA_USAGE = YES_ERROR;
				CLANG_WARN_DOCUMENTATION_COMMENTS = YES;
				CLANG_WARN_EMPTY_BODY = YES;
				CLANG_WARN_ENUM_CONVERSION = YES;
				CLANG_WARN_INFINITE_RECURSION = YES;
				CLANG_WARN_INT_CONVERSION = YES;
				CLANG_WARN_NON_LITERAL_NULL_CONVERSION = YES;
				CLANG_WARN_OBJC_IMPLICIT_RETAIN_SELF = YES;
				CLANG_WARN_OBJC_LITERAL_CONVERSION = YES;
				CLANG_WARN_OBJC_ROOT_CLASS = YES_ERROR;
				CLANG_WARN_QUOTED_INCLUDE_IN_FRAMEWORK_HEADER = YES;
				CLANG_WARN_RANGE_LOOP_ANALYSIS = YES;
				CLANG_WARN_STRICT_PROTOTYPES = YES;
				CLANG_WARN_SUSPICIOUS_MOVE = YES;
				CLANG_WARN_UNGUARDED_AVAILABILITY = YES_AGGRESSIVE;
				CLANG_WARN_UNREACHABLE_CODE = YES;
				CLANG_WARN__DUPLICATE_METHOD_MATCH = YES;
				COPY_PHASE_STRIP = NO;
				DEBUG_INFORMATION_FORMAT = dwarf;
				ENABLE_STRICT_OBJC_MSGSEND = YES;
				ENABLE_TESTABILITY = YES;
				GCC_C_LANGUAGE_STANDARD = gnu11;
				GCC_DYNAMIC_NO_PIC = NO;
				GCC_NO_COMMON_BLOCKS = YES;
				GCC_OPTIMIZATION_LEVEL = 0;
				GCC_PREPROCESSOR_DEFINITIONS = (
					"DEBUG=1",
					"$(inherited)",
				);
				GCC_WARN_64_TO_32_BIT_CONVERSION = YES;
				GCC_WARN_ABOUT_RETURN_TYPE = YES_ERROR;
				GCC_WARN_UNDECLARED_SELECTOR = YES;
				GCC_WARN_UNINITIALIZED_AUTOS = YES_AGGRESSIVE;
				GCC_WARN_UNUSED_FUNCTION = YES;
				GCC_WARN_UNUSED_VARIABLE = YES;
				IPHONEOS_DEPLOYMENT_TARGET = 15.5;
				MTL_ENABLE_DEBUG_INFO = INCLUDE_SOURCE;
				MTL_FAST_MATH = YES;
				ONLY_ACTIVE_ARCH = YES;
				SDKROOT = iphoneos;
				SWIFT_ACTIVE_COMPILATION_CONDITIONS = DEBUG;
				SWIFT_OPTIMIZATION_LEVEL = "-Onone";
			};
			name = Debug;
		};
		B9DEB80F28549FD000C6726C /* Release */ = {
			isa = XCBuildConfiguration;
			buildSettings = {
				ALWAYS_SEARCH_USER_PATHS = NO;
				CLANG_ANALYZER_NONNULL = YES;
				CLANG_ANALYZER_NUMBER_OBJECT_CONVERSION = YES_AGGRESSIVE;
				CLANG_CXX_LANGUAGE_STANDARD = "gnu++17";
				CLANG_ENABLE_MODULES = YES;
				CLANG_ENABLE_OBJC_ARC = YES;
				CLANG_ENABLE_OBJC_WEAK = YES;
				CLANG_WARN_BLOCK_CAPTURE_AUTORELEASING = YES;
				CLANG_WARN_BOOL_CONVERSION = YES;
				CLANG_WARN_COMMA = YES;
				CLANG_WARN_CONSTANT_CONVERSION = YES;
				CLANG_WARN_DEPRECATED_OBJC_IMPLEMENTATIONS = YES;
				CLANG_WARN_DIRECT_OBJC_ISA_USAGE = YES_ERROR;
				CLANG_WARN_DOCUMENTATION_COMMENTS = YES;
				CLANG_WARN_EMPTY_BODY = YES;
				CLANG_WARN_ENUM_CONVERSION = YES;
				CLANG_WARN_INFINITE_RECURSION = YES;
				CLANG_WARN_INT_CONVERSION = YES;
				CLANG_WARN_NON_LITERAL_NULL_CONVERSION = YES;
				CLANG_WARN_OBJC_IMPLICIT_RETAIN_SELF = YES;
				CLANG_WARN_OBJC_LITERAL_CONVERSION = YES;
				CLANG_WARN_OBJC_ROOT_CLASS = YES_ERROR;
				CLANG_WARN_QUOTED_INCLUDE_IN_FRAMEWORK_HEADER = YES;
				CLANG_WARN_RANGE_LOOP_ANALYSIS = YES;
				CLANG_WARN_STRICT_PROTOTYPES = YES;
				CLANG_WARN_SUSPICIOUS_MOVE = YES;
				CLANG_WARN_UNGUARDED_AVAILABILITY = YES_AGGRESSIVE;
				CLANG_WARN_UNREACHABLE_CODE = YES;
				CLANG_WARN__DUPLICATE_METHOD_MATCH = YES;
				COPY_PHASE_STRIP = NO;
				DEBUG_INFORMATION_FORMAT = "dwarf-with-dsym";
				ENABLE_NS_ASSERTIONS = NO;
				ENABLE_STRICT_OBJC_MSGSEND = YES;
				GCC_C_LANGUAGE_STANDARD = gnu11;
				GCC_NO_COMMON_BLOCKS = YES;
				GCC_WARN_64_TO_32_BIT_CONVERSION = YES;
				GCC_WARN_ABOUT_RETURN_TYPE = YES_ERROR;
				GCC_WARN_UNDECLARED_SELECTOR = YES;
				GCC_WARN_UNINITIALIZED_AUTOS = YES_AGGRESSIVE;
				GCC_WARN_UNUSED_FUNCTION = YES;
				GCC_WARN_UNUSED_VARIABLE = YES;
				IPHONEOS_DEPLOYMENT_TARGET = 15.5;
				MTL_ENABLE_DEBUG_INFO = NO;
				MTL_FAST_MATH = YES;
				SDKROOT = iphoneos;
				SWIFT_COMPILATION_MODE = wholemodule;
				SWIFT_OPTIMIZATION_LEVEL = "-O";
				VALIDATE_PRODUCT = YES;
			};
			name = Release;
		};
		B9DEB81128549FD000C6726C /* Debug */ = {
			isa = XCBuildConfiguration;
			buildSettings = {
				ASSETCATALOG_COMPILER_APPICON_NAME = AppIcon;
				ASSETCATALOG_COMPILER_GLOBAL_ACCENT_COLOR_NAME = AccentColor;
				CODE_SIGN_STYLE = Automatic;
				CURRENT_PROJECT_VERSION = 1;
				DEVELOPMENT_TEAM = 829WZFB9S5;
				GENERATE_INFOPLIST_FILE = YES;
				INFOPLIST_FILE = Project1_StormViewer/Info.plist;
				INFOPLIST_KEY_UIApplicationSupportsIndirectInputEvents = YES;
				INFOPLIST_KEY_UILaunchStoryboardName = LaunchScreen;
				INFOPLIST_KEY_UIMainStoryboardFile = Main;
				INFOPLIST_KEY_UISupportedInterfaceOrientations_iPad = "UIInterfaceOrientationPortrait UIInterfaceOrientationPortraitUpsideDown UIInterfaceOrientationLandscapeLeft UIInterfaceOrientationLandscapeRight";
				INFOPLIST_KEY_UISupportedInterfaceOrientations_iPhone = "UIInterfaceOrientationPortrait UIInterfaceOrientationLandscapeLeft UIInterfaceOrientationLandscapeRight";
				LD_RUNPATH_SEARCH_PATHS = (
					"$(inherited)",
					"@executable_path/Frameworks",
				);
				MARKETING_VERSION = 1.0;
				PRODUCT_BUNDLE_IDENTIFIER = "com.ilabrosimov.Project1-StormViewer";
				PRODUCT_NAME = "$(TARGET_NAME)";
				SWIFT_EMIT_LOC_STRINGS = YES;
				SWIFT_VERSION = 5.0;
				TARGETED_DEVICE_FAMILY = "1,2";
			};
			name = Debug;
		};
		B9DEB81228549FD000C6726C /* Release */ = {
			isa = XCBuildConfiguration;
			buildSettings = {
				ASSETCATALOG_COMPILER_APPICON_NAME = AppIcon;
				ASSETCATALOG_COMPILER_GLOBAL_ACCENT_COLOR_NAME = AccentColor;
				CODE_SIGN_STYLE = Automatic;
				CURRENT_PROJECT_VERSION = 1;
				DEVELOPMENT_TEAM = 829WZFB9S5;
				GENERATE_INFOPLIST_FILE = YES;
				INFOPLIST_FILE = Project1_StormViewer/Info.plist;
				INFOPLIST_KEY_UIApplicationSupportsIndirectInputEvents = YES;
				INFOPLIST_KEY_UILaunchStoryboardName = LaunchScreen;
				INFOPLIST_KEY_UIMainStoryboardFile = Main;
				INFOPLIST_KEY_UISupportedInterfaceOrientations_iPad = "UIInterfaceOrientationPortrait UIInterfaceOrientationPortraitUpsideDown UIInterfaceOrientationLandscapeLeft UIInterfaceOrientationLandscapeRight";
				INFOPLIST_KEY_UISupportedInterfaceOrientations_iPhone = "UIInterfaceOrientationPortrait UIInterfaceOrientationLandscapeLeft UIInterfaceOrientationLandscapeRight";
				LD_RUNPATH_SEARCH_PATHS = (
					"$(inherited)",
					"@executable_path/Frameworks",
				);
				MARKETING_VERSION = 1.0;
				PRODUCT_BUNDLE_IDENTIFIER = "com.ilabrosimov.Project1-StormViewer";
				PRODUCT_NAME = "$(TARGET_NAME)";
				SWIFT_EMIT_LOC_STRINGS = YES;
				SWIFT_VERSION = 5.0;
				TARGETED_DEVICE_FAMILY = "1,2";
			};
			name = Release;
		};
/* End XCBuildConfiguration section */

/* Begin XCConfigurationList section */
		B9DEB7F728549FCE00C6726C /* Build configuration list for PBXProject "Project1_StormViewer" */ = {
			isa = XCConfigurationList;
			buildConfigurations = (
				B9DEB80E28549FD000C6726C /* Debug */,
				B9DEB80F28549FD000C6726C /* Release */,
			);
			defaultConfigurationIsVisible = 0;
			defaultConfigurationName = Release;
		};
		B9DEB81028549FD000C6726C /* Build configuration list for PBXNativeTarget "Project1_StormViewer" */ = {
			isa = XCConfigurationList;
			buildConfigurations = (
				B9DEB81128549FD000C6726C /* Debug */,
				B9DEB81228549FD000C6726C /* Release */,
			);
			defaultConfigurationIsVisible = 0;
			defaultConfigurationName = Release;
		};
/* End XCConfigurationList section */
	};
	rootObject = B9DEB7F428549FCE00C6726C /* Project object */;
}
